
Microsoft Visual Studio Solution File, Format Version 12.00
# Visual Studio Version 17
VisualStudioVersion = 17.9.34728.123
MinimumVisualStudioVersion = 10.0.40219.1
Project("{FAE04EC0-301F-11D3-BF4B-00C04F79EFBC}") = "VideoEncoder", "VideoEncoder\VideoEncoder.csproj", "{A54544DB-99BA-4B05-989B-0F682F70D3FD}"
EndProject
Global
	GlobalSection(SolutionConfigurationPlatforms) = preSolution
		Debug|Any CPU = Debug|Any CPU
		Release|Any CPU = Release|Any CPU
	EndGlobalSection
	GlobalSection(ProjectConfigurationPlatforms) = postSolution
		{A54544DB-99BA-4B05-989B-0F682F70D3FD}.Debug|Any CPU.ActiveCfg = Debug|Any CPU
		{A54544DB-99BA-4B05-989B-0F682F70D3FD}.Debug|Any CPU.Build.0 = Debug|Any CPU
		{A54544DB-99BA-4B05-989B-0F682F70D3FD}.Release|Any CPU.ActiveCfg = Release|Any CPU
		{A54544DB-99BA-4B05-989B-0F682F70D3FD}.Release|Any CPU.Build.0 = Release|Any CPU
	EndGlobalSection
	GlobalSection(SolutionProperties) = preSolution
		HideSolutionNode = FALSE
	EndGlobalSection
	GlobalSection(ExtensibilityGlobals) = postSolution
		SolutionGuid = {37945351-A87C-442F-A2C6-6C5941C896B1}
	EndGlobalSection
EndGlobal
